// !$*UTF8*$!
{
	archiveVersion = 1;
	classes = {
	};
	objectVersion = 46;
	objects = {

/* Begin PBXBuildFile section */
		458B0212DF0F3916F50229F8 /* libPods-OC_Live.a in Frameworks */ = {isa = PBXBuildFile; fileRef = 08AB170AACFBF5109A6D02FA /* libPods-OC_Live.a */; };
		BD09EF401E8365C0000AC6CC /* main.m in Sources */ = {isa = PBXBuildFile; fileRef = BD09EF3F1E8365C0000AC6CC /* main.m */; };
		BD09EF431E8365C0000AC6CC /* AppDelegate.m in Sources */ = {isa = PBXBuildFile; fileRef = BD09EF421E8365C0000AC6CC /* AppDelegate.m */; };
		BD09EF4B1E8365C0000AC6CC /* Assets.xcassets in Resources */ = {isa = PBXBuildFile; fileRef = BD09EF4A1E8365C0000AC6CC /* Assets.xcassets */; };
		BD09EF4E1E8365C0000AC6CC /* LaunchScreen.storyboard in Resources */ = {isa = PBXBuildFile; fileRef = BD09EF4C1E8365C0000AC6CC /* LaunchScreen.storyboard */; };
		BD09EF781E836C90000AC6CC /* MainViewController.m in Sources */ = {isa = PBXBuildFile; fileRef = BD09EF771E836C90000AC6CC /* MainViewController.m */; };
		BD09EFA31E83A0BD000AC6CC /* PageTitleView.m in Sources */ = {isa = PBXBuildFile; fileRef = BD09EFA21E83A0BD000AC6CC /* PageTitleView.m */; };
		BD09EFA81E83A880000AC6CC /* UIBarButtonItem+MTCategory.m in Sources */ = {isa = PBXBuildFile; fileRef = BD09EFA71E83A87F000AC6CC /* UIBarButtonItem+MTCategory.m */; };
		BD0B93501E967A3900B04BFA /* Follow.storyboard in Resources */ = {isa = PBXBuildFile; fileRef = BD0B93431E967A3900B04BFA /* Follow.storyboard */; };
		BD0B93511E967A3900B04BFA /* Live.storyboard in Resources */ = {isa = PBXBuildFile; fileRef = BD0B93481E967A3900B04BFA /* Live.storyboard */; };
		BD0B93521E967A3900B04BFA /* Profile.storyboard in Resources */ = {isa = PBXBuildFile; fileRef = BD0B934D1E967A3900B04BFA /* Profile.storyboard */; };
		BD0B935C1E967A5100B04BFA /* Home.storyboard in Resources */ = {isa = PBXBuildFile; fileRef = BD0B93551E967A5000B04BFA /* Home.storyboard */; };
		BD0B935D1E967A5100B04BFA /* HomeViewController.m in Sources */ = {isa = PBXBuildFile; fileRef = BD0B93571E967A5100B04BFA /* HomeViewController.m */; };
		BD0B935E1E967A5100B04BFA /* ReccommendViewController.m in Sources */ = {isa = PBXBuildFile; fileRef = BD0B93591E967A5100B04BFA /* ReccommendViewController.m */; };
		BD0B93601E967A8A00B04BFA /* Main.storyboard in Resources */ = {isa = PBXBuildFile; fileRef = BD0B935F1E967A8A00B04BFA /* Main.storyboard */; };
		BD0B93641E967AB300B04BFA /* CollectionHeraderView.m in Sources */ = {isa = PBXBuildFile; fileRef = BD0B93621E967AB300B04BFA /* CollectionHeraderView.m */; };
		BD0B93651E967AB300B04BFA /* CollectionHeraderView.xib in Resources */ = {isa = PBXBuildFile; fileRef = BD0B93631E967AB300B04BFA /* CollectionHeraderView.xib */; };
		BD0B93691E96800200B04BFA /* CollectionPrettyViewCell.m in Sources */ = {isa = PBXBuildFile; fileRef = BD0B93671E96800200B04BFA /* CollectionPrettyViewCell.m */; };
		BD4856F31E94F30B00DA47AE /* NSArray+NSLog.m in Sources */ = {isa = PBXBuildFile; fileRef = BD4856E21E94F30B00DA47AE /* NSArray+NSLog.m */; };
		BD4856F41E94F30B00DA47AE /* NSString+Hash.m in Sources */ = {isa = PBXBuildFile; fileRef = BD4856E41E94F30B00DA47AE /* NSString+Hash.m */; };
		BD4856F51E94F30B00DA47AE /* NSString+pwBase64.m in Sources */ = {isa = PBXBuildFile; fileRef = BD4856E61E94F30B00DA47AE /* NSString+pwBase64.m */; };
		BD4856F61E94F30B00DA47AE /* NSString+pwPath.m in Sources */ = {isa = PBXBuildFile; fileRef = BD4856E81E94F30B00DA47AE /* NSString+pwPath.m */; };
		BD4856F71E94F30B00DA47AE /* UIButton+pwAddition.m in Sources */ = {isa = PBXBuildFile; fileRef = BD4856EA1E94F30B00DA47AE /* UIButton+pwAddition.m */; };
		BD4856F81E94F30B00DA47AE /* UIColor+pwAddition.m in Sources */ = {isa = PBXBuildFile; fileRef = BD4856EC1E94F30B00DA47AE /* UIColor+pwAddition.m */; };
		BD4856F91E94F30B00DA47AE /* UIImage+pwAddition.m in Sources */ = {isa = PBXBuildFile; fileRef = BD4856EE1E94F30B00DA47AE /* UIImage+pwAddition.m */; };
		BD4856FA1E94F30B00DA47AE /* UIScreen+pwAddition.m in Sources */ = {isa = PBXBuildFile; fileRef = BD4856F01E94F30B00DA47AE /* UIScreen+pwAddition.m */; };
		BD4856FB1E94F30B00DA47AE /* UIView+pwAddition.m in Sources */ = {isa = PBXBuildFile; fileRef = BD4856F21E94F30B00DA47AE /* UIView+pwAddition.m */; };
		BD4857071E96360E00DA47AE /* CollectionNormalViewCell.m in Sources */ = {isa = PBXBuildFile; fileRef = BD4857061E96360E00DA47AE /* CollectionNormalViewCell.m */; };
		BD8FD47A1E8E834700A43AD9 /* PageContentView.m in Sources */ = {isa = PBXBuildFile; fileRef = BD8FD4791E8E834700A43AD9 /* PageContentView.m */; };
/* End PBXBuildFile section */

/* Begin PBXFileReference section */
		08AB170AACFBF5109A6D02FA /* libPods-OC_Live.a */ = {isa = PBXFileReference; explicitFileType = archive.ar; includeInIndex = 0; path = "libPods-OC_Live.a"; sourceTree = BUILT_PRODUCTS_DIR; };
		BD09EF3B1E8365C0000AC6CC /* OC_Live.app */ = {isa = PBXFileReference; explicitFileType = wrapper.application; includeInIndex = 0; path = OC_Live.app; sourceTree = BUILT_PRODUCTS_DIR; };
		BD09EF3F1E8365C0000AC6CC /* main.m */ = {isa = PBXFileReference; lastKnownFileType = sourcecode.c.objc; path = main.m; sourceTree = "<group>"; };
		BD09EF411E8365C0000AC6CC /* AppDelegate.h */ = {isa = PBXFileReference; lastKnownFileType = sourcecode.c.h; path = AppDelegate.h; sourceTree = "<group>"; };
		BD09EF421E8365C0000AC6CC /* AppDelegate.m */ = {isa = PBXFileReference; lastKnownFileType = sourcecode.c.objc; path = AppDelegate.m; sourceTree = "<group>"; };
		BD09EF4A1E8365C0000AC6CC /* Assets.xcassets */ = {isa = PBXFileReference; lastKnownFileType = folder.assetcatalog; path = Assets.xcassets; sourceTree = "<group>"; };
		BD09EF4D1E8365C0000AC6CC /* Base */ = {isa = PBXFileReference; lastKnownFileType = file.storyboard; name = Base; path = Base.lproj/LaunchScreen.storyboard; sourceTree = "<group>"; };
		BD09EF4F1E8365C0000AC6CC /* Info.plist */ = {isa = PBXFileReference; lastKnownFileType = text.plist.xml; path = Info.plist; sourceTree = "<group>"; };
		BD09EF761E836C90000AC6CC /* MainViewController.h */ = {isa = PBXFileReference; fileEncoding = 4; lastKnownFileType = sourcecode.c.h; path = MainViewController.h; sourceTree = "<group>"; };
		BD09EF771E836C90000AC6CC /* MainViewController.m */ = {isa = PBXFileReference; fileEncoding = 4; lastKnownFileType = sourcecode.c.objc; path = MainViewController.m; sourceTree = "<group>"; };
		BD09EFA11E83A0BD000AC6CC /* PageTitleView.h */ = {isa = PBXFileReference; fileEncoding = 4; lastKnownFileType = sourcecode.c.h; path = PageTitleView.h; sourceTree = "<group>"; };
		BD09EFA21E83A0BD000AC6CC /* PageTitleView.m */ = {isa = PBXFileReference; fileEncoding = 4; lastKnownFileType = sourcecode.c.objc; path = PageTitleView.m; sourceTree = "<group>"; };
		BD09EFA41E83A75F000AC6CC /* CommonValue.h */ = {isa = PBXFileReference; lastKnownFileType = sourcecode.c.h; path = CommonValue.h; sourceTree = "<group>"; };
		BD09EFA61E83A87F000AC6CC /* UIBarButtonItem+MTCategory.h */ = {isa = PBXFileReference; fileEncoding = 4; lastKnownFileType = sourcecode.c.h; path = "UIBarButtonItem+MTCategory.h"; sourceTree = "<group>"; };
		BD09EFA71E83A87F000AC6CC /* UIBarButtonItem+MTCategory.m */ = {isa = PBXFileReference; fileEncoding = 4; lastKnownFileType = sourcecode.c.objc; path = "UIBarButtonItem+MTCategory.m"; sourceTree = "<group>"; };
		BD0B93431E967A3900B04BFA /* Follow.storyboard */ = {isa = PBXFileReference; fileEncoding = 4; lastKnownFileType = file.storyboard; path = Follow.storyboard; sourceTree = "<group>"; };
		BD0B93481E967A3900B04BFA /* Live.storyboard */ = {isa = PBXFileReference; fileEncoding = 4; lastKnownFileType = file.storyboard; path = Live.storyboard; sourceTree = "<group>"; };
		BD0B934D1E967A3900B04BFA /* Profile.storyboard */ = {isa = PBXFileReference; fileEncoding = 4; lastKnownFileType = file.storyboard; path = Profile.storyboard; sourceTree = "<group>"; };
		BD0B93551E967A5000B04BFA /* Home.storyboard */ = {isa = PBXFileReference; fileEncoding = 4; lastKnownFileType = file.storyboard; path = Home.storyboard; sourceTree = "<group>"; };
		BD0B93561E967A5000B04BFA /* HomeViewController.h */ = {isa = PBXFileReference; fileEncoding = 4; lastKnownFileType = sourcecode.c.h; path = HomeViewController.h; sourceTree = "<group>"; };
		BD0B93571E967A5100B04BFA /* HomeViewController.m */ = {isa = PBXFileReference; fileEncoding = 4; lastKnownFileType = sourcecode.c.objc; path = HomeViewController.m; sourceTree = "<group>"; };
		BD0B93581E967A5100B04BFA /* ReccommendViewController.h */ = {isa = PBXFileReference; fileEncoding = 4; lastKnownFileType = sourcecode.c.h; path = ReccommendViewController.h; sourceTree = "<group>"; };
		BD0B93591E967A5100B04BFA /* ReccommendViewController.m */ = {isa = PBXFileReference; fileEncoding = 4; lastKnownFileType = sourcecode.c.objc; path = ReccommendViewController.m; sourceTree = "<group>"; };
		BD0B935F1E967A8A00B04BFA /* Main.storyboard */ = {isa = PBXFileReference; fileEncoding = 4; lastKnownFileType = file.storyboard; path = Main.storyboard; sourceTree = "<group>"; };
		BD0B93611E967AB300B04BFA /* CollectionHeraderView.h */ = {isa = PBXFileReference; fileEncoding = 4; lastKnownFileType = sourcecode.c.h; path = CollectionHeraderView.h; sourceTree = "<group>"; };
		BD0B93621E967AB300B04BFA /* CollectionHeraderView.m */ = {isa = PBXFileReference; fileEncoding = 4; lastKnownFileType = sourcecode.c.objc; path = CollectionHeraderView.m; sourceTree = "<group>"; };
		BD0B93631E967AB300B04BFA /* CollectionHeraderView.xib */ = {isa = PBXFileReference; fileEncoding = 4; lastKnownFileType = file.xib; path = CollectionHeraderView.xib; sourceTree = "<group>"; };
		BD0B93661E96800200B04BFA /* CollectionPrettyViewCell.h */ = {isa = PBXFileReference; fileEncoding = 4; lastKnownFileType = sourcecode.c.h; path = CollectionPrettyViewCell.h; sourceTree = "<group>"; };
		BD0B93671E96800200B04BFA /* CollectionPrettyViewCell.m */ = {isa = PBXFileReference; fileEncoding = 4; lastKnownFileType = sourcecode.c.objc; path = CollectionPrettyViewCell.m; sourceTree = "<group>"; };
		BD4856E11E94F30B00DA47AE /* NSArray+NSLog.h */ = {isa = PBXFileReference; fileEncoding = 4; lastKnownFileType = sourcecode.c.h; path = "NSArray+NSLog.h"; sourceTree = "<group>"; };
		BD4856E21E94F30B00DA47AE /* NSArray+NSLog.m */ = {isa = PBXFileReference; fileEncoding = 4; lastKnownFileType = sourcecode.c.objc; path = "NSArray+NSLog.m"; sourceTree = "<group>"; };
		BD4856E31E94F30B00DA47AE /* NSString+Hash.h */ = {isa = PBXFileReference; fileEncoding = 4; lastKnownFileType = sourcecode.c.h; path = "NSString+Hash.h"; sourceTree = "<group>"; };
		BD4856E41E94F30B00DA47AE /* NSString+Hash.m */ = {isa = PBXFileReference; fileEncoding = 4; lastKnownFileType = sourcecode.c.objc; path = "NSString+Hash.m"; sourceTree = "<group>"; };
		BD4856E51E94F30B00DA47AE /* NSString+pwBase64.h */ = {isa = PBXFileReference; fileEncoding = 4; lastKnownFileType = sourcecode.c.h; path = "NSString+pwBase64.h"; sourceTree = "<group>"; };
		BD4856E61E94F30B00DA47AE /* NSString+pwBase64.m */ = {isa = PBXFileReference; fileEncoding = 4; lastKnownFileType = sourcecode.c.objc; path = "NSString+pwBase64.m"; sourceTree = "<group>"; };
		BD4856E71E94F30B00DA47AE /* NSString+pwPath.h */ = {isa = PBXFileReference; fileEncoding = 4; lastKnownFileType = sourcecode.c.h; path = "NSString+pwPath.h"; sourceTree = "<group>"; };
		BD4856E81E94F30B00DA47AE /* NSString+pwPath.m */ = {isa = PBXFileReference; fileEncoding = 4; lastKnownFileType = sourcecode.c.objc; path = "NSString+pwPath.m"; sourceTree = "<group>"; };
		BD4856E91E94F30B00DA47AE /* UIButton+pwAddition.h */ = {isa = PBXFileReference; fileEncoding = 4; lastKnownFileType = sourcecode.c.h; path = "UIButton+pwAddition.h"; sourceTree = "<group>"; };
		BD4856EA1E94F30B00DA47AE /* UIButton+pwAddition.m */ = {isa = PBXFileReference; fileEncoding = 4; lastKnownFileType = sourcecode.c.objc; path = "UIButton+pwAddition.m"; sourceTree = "<group>"; };
		BD4856EB1E94F30B00DA47AE /* UIColor+pwAddition.h */ = {isa = PBXFileReference; fileEncoding = 4; lastKnownFileType = sourcecode.c.h; path = "UIColor+pwAddition.h"; sourceTree = "<group>"; };
		BD4856EC1E94F30B00DA47AE /* UIColor+pwAddition.m */ = {isa = PBXFileReference; fileEncoding = 4; lastKnownFileType = sourcecode.c.objc; path = "UIColor+pwAddition.m"; sourceTree = "<group>"; };
		BD4856ED1E94F30B00DA47AE /* UIImage+pwAddition.h */ = {isa = PBXFileReference; fileEncoding = 4; lastKnownFileType = sourcecode.c.h; path = "UIImage+pwAddition.h"; sourceTree = "<group>"; };
		BD4856EE1E94F30B00DA47AE /* UIImage+pwAddition.m */ = {isa = PBXFileReference; fileEncoding = 4; lastKnownFileType = sourcecode.c.objc; path = "UIImage+pwAddition.m"; sourceTree = "<group>"; };
		BD4856EF1E94F30B00DA47AE /* UIScreen+pwAddition.h */ = {isa = PBXFileReference; fileEncoding = 4; lastKnownFileType = sourcecode.c.h; path = "UIScreen+pwAddition.h"; sourceTree = "<group>"; };
		BD4856F01E94F30B00DA47AE /* UIScreen+pwAddition.m */ = {isa = PBXFileReference; fileEncoding = 4; lastKnownFileType = sourcecode.c.objc; path = "UIScreen+pwAddition.m"; sourceTree = "<group>"; };
		BD4856F11E94F30B00DA47AE /* UIView+pwAddition.h */ = {isa = PBXFileReference; fileEncoding = 4; lastKnownFileType = sourcecode.c.h; path = "UIView+pwAddition.h"; sourceTree = "<group>"; };
		BD4856F21E94F30B00DA47AE /* UIView+pwAddition.m */ = {isa = PBXFileReference; fileEncoding = 4; lastKnownFileType = sourcecode.c.objc; path = "UIView+pwAddition.m"; sourceTree = "<group>"; };
		BD4857051E96360E00DA47AE /* CollectionNormalViewCell.h */ = {isa = PBXFileReference; fileEncoding = 4; lastKnownFileType = sourcecode.c.h; path = CollectionNormalViewCell.h; sourceTree = "<group>"; };
		BD4857061E96360E00DA47AE /* CollectionNormalViewCell.m */ = {isa = PBXFileReference; fileEncoding = 4; lastKnownFileType = sourcecode.c.objc; path = CollectionNormalViewCell.m; sourceTree = "<group>"; };
		BD8FD4781E8E834700A43AD9 /* PageContentView.h */ = {isa = PBXFileReference; fileEncoding = 4; lastKnownFileType = sourcecode.c.h; path = PageContentView.h; sourceTree = "<group>"; };
		BD8FD4791E8E834700A43AD9 /* PageContentView.m */ = {isa = PBXFileReference; fileEncoding = 4; lastKnownFileType = sourcecode.c.objc; path = PageContentView.m; sourceTree = "<group>"; };
		BD8FD47B1E8E93EF00A43AD9 /* PrefixHeader.pch */ = {isa = PBXFileReference; lastKnownFileType = sourcecode.c.h; path = PrefixHeader.pch; sourceTree = "<group>"; };
		C1FF2B76ED4CA9439541A43A /* Pods-OC_Live.release.xcconfig */ = {isa = PBXFileReference; includeInIndex = 1; lastKnownFileType = text.xcconfig; name = "Pods-OC_Live.release.xcconfig"; path = "Pods/Target Support Files/Pods-OC_Live/Pods-OC_Live.release.xcconfig"; sourceTree = "<group>"; };
		D5A0903E9073D1651AD1FD98 /* Pods-OC_Live.debug.xcconfig */ = {isa = PBXFileReference; includeInIndex = 1; lastKnownFileType = text.xcconfig; name = "Pods-OC_Live.debug.xcconfig"; path = "Pods/Target Support Files/Pods-OC_Live/Pods-OC_Live.debug.xcconfig"; sourceTree = "<group>"; };
/* End PBXFileReference section */

/* Begin PBXFrameworksBuildPhase section */
		BD09EF381E8365C0000AC6CC /* Frameworks */ = {
			isa = PBXFrameworksBuildPhase;
			buildActionMask = 2147483647;
			files = (
				458B0212DF0F3916F50229F8 /* libPods-OC_Live.a in Frameworks */,
			);
			runOnlyForDeploymentPostprocessing = 0;
		};
/* End PBXFrameworksBuildPhase section */

/* Begin PBXGroup section */
		0B636BC23B84F48AFE478784 /* Pods */ = {
			isa = PBXGroup;
			children = (
				D5A0903E9073D1651AD1FD98 /* Pods-OC_Live.debug.xcconfig */,
				C1FF2B76ED4CA9439541A43A /* Pods-OC_Live.release.xcconfig */,
			);
			name = Pods;
			sourceTree = "<group>";
		};
		7AD262C33A2E76B469B960CD /* Frameworks */ = {
			isa = PBXGroup;
			children = (
				08AB170AACFBF5109A6D02FA /* libPods-OC_Live.a */,
			);
			name = Frameworks;
			sourceTree = "<group>";
		};
		BD09EF321E8365C0000AC6CC = {
			isa = PBXGroup;
			children = (
				BD8FD47B1E8E93EF00A43AD9 /* PrefixHeader.pch */,
				BD09EF3D1E8365C0000AC6CC /* OC_Live */,
				BD09EF3C1E8365C0000AC6CC /* Products */,
				0B636BC23B84F48AFE478784 /* Pods */,
				7AD262C33A2E76B469B960CD /* Frameworks */,
			);
			sourceTree = "<group>";
		};
		BD09EF3C1E8365C0000AC6CC /* Products */ = {
			isa = PBXGroup;
			children = (
				BD09EF3B1E8365C0000AC6CC /* OC_Live.app */,
			);
			name = Products;
			sourceTree = "<group>";
		};
		BD09EF3D1E8365C0000AC6CC /* OC_Live */ = {
			isa = PBXGroup;
			children = (
				BD09EF601E836C25000AC6CC /* Classes */,
				BD09EF411E8365C0000AC6CC /* AppDelegate.h */,
				BD09EF421E8365C0000AC6CC /* AppDelegate.m */,
				BD09EF4A1E8365C0000AC6CC /* Assets.xcassets */,
				BD09EF4C1E8365C0000AC6CC /* LaunchScreen.storyboard */,
				BD09EF4F1E8365C0000AC6CC /* Info.plist */,
				BD09EF3E1E8365C0000AC6CC /* Supporting Files */,
			);
			path = OC_Live;
			sourceTree = "<group>";
		};
		BD09EF3E1E8365C0000AC6CC /* Supporting Files */ = {
			isa = PBXGroup;
			children = (
				BD09EF3F1E8365C0000AC6CC /* main.m */,
			);
			name = "Supporting Files";
			sourceTree = "<group>";
		};
		BD09EF601E836C25000AC6CC /* Classes */ = {
			isa = PBXGroup;
			children = (
				BD09EF6D1E836C25000AC6CC /* Main */,
				BD0B93531E967A5000B04BFA /* Home */,
				BD0B93411E967A3900B04BFA /* Follow */,
				BD0B93461E967A3900B04BFA /* Live */,
				BD0B934B1E967A3900B04BFA /* Profile */,
				BD09EF751E836C25000AC6CC /* Tools */,
			);
			path = Classes;
			sourceTree = "<group>";
		};
		BD09EF6D1E836C25000AC6CC /* Main */ = {
			isa = PBXGroup;
			children = (
				BD09EF6E1E836C25000AC6CC /* Controller */,
				BD0B93401E9678C400B04BFA /* Model */,
				BD09EF701E836C25000AC6CC /* View */,
			);
			path = Main;
			sourceTree = "<group>";
		};
		BD09EF6E1E836C25000AC6CC /* Controller */ = {
			isa = PBXGroup;
			children = (
				BD0B935F1E967A8A00B04BFA /* Main.storyboard */,
				BD09EF761E836C90000AC6CC /* MainViewController.h */,
				BD09EF771E836C90000AC6CC /* MainViewController.m */,
			);
			path = Controller;
			sourceTree = "<group>";
		};
		BD09EF701E836C25000AC6CC /* View */ = {
			isa = PBXGroup;
			children = (
				BD09EFA11E83A0BD000AC6CC /* PageTitleView.h */,
				BD09EFA21E83A0BD000AC6CC /* PageTitleView.m */,
				BD8FD4781E8E834700A43AD9 /* PageContentView.h */,
				BD8FD4791E8E834700A43AD9 /* PageContentView.m */,
				BD4857051E96360E00DA47AE /* CollectionNormalViewCell.h */,
				BD4857061E96360E00DA47AE /* CollectionNormalViewCell.m */,
				BD0B93661E96800200B04BFA /* CollectionPrettyViewCell.h */,
				BD0B93671E96800200B04BFA /* CollectionPrettyViewCell.m */,
			);
			path = View;
			sourceTree = "<group>";
		};
		BD09EF751E836C25000AC6CC /* Tools */ = {
			isa = PBXGroup;
			children = (
				BD4856DF1E94F30B00DA47AE /* Additions */,
				BD09EFA51E83A87F000AC6CC /* Extension */,
				BD09EFA41E83A75F000AC6CC /* CommonValue.h */,
			);
			path = Tools;
			sourceTree = "<group>";
		};
		BD09EFA51E83A87F000AC6CC /* Extension */ = {
			isa = PBXGroup;
			children = (
				BD09EFA61E83A87F000AC6CC /* UIBarButtonItem+MTCategory.h */,
				BD09EFA71E83A87F000AC6CC /* UIBarButtonItem+MTCategory.m */,
			);
			path = Extension;
			sourceTree = "<group>";
		};
		BD0B93401E9678C400B04BFA /* Model */ = {
			isa = PBXGroup;
			children = (
			);
			path = Model;
			sourceTree = "<group>";
		};
		BD0B93411E967A3900B04BFA /* Follow */ = {
			isa = PBXGroup;
			children = (
				BD0B93421E967A3900B04BFA /* Controller */,
				BD0B93441E967A3900B04BFA /* Model */,
				BD0B93451E967A3900B04BFA /* View */,
			);
			path = Follow;
			sourceTree = "<group>";
		};
		BD0B93421E967A3900B04BFA /* Controller */ = {
			isa = PBXGroup;
			children = (
				BD0B93431E967A3900B04BFA /* Follow.storyboard */,
			);
			path = Controller;
			sourceTree = "<group>";
		};
		BD0B93441E967A3900B04BFA /* Model */ = {
			isa = PBXGroup;
			children = (
			);
			path = Model;
			sourceTree = "<group>";
		};
		BD0B93451E967A3900B04BFA /* View */ = {
			isa = PBXGroup;
			children = (
			);
			path = View;
			sourceTree = "<group>";
		};
		BD0B93461E967A3900B04BFA /* Live */ = {
			isa = PBXGroup;
			children = (
				BD0B93471E967A3900B04BFA /* Controller */,
				BD0B93491E967A3900B04BFA /* Model */,
				BD0B934A1E967A3900B04BFA /* View */,
			);
			path = Live;
			sourceTree = "<group>";
		};
		BD0B93471E967A3900B04BFA /* Controller */ = {
			isa = PBXGroup;
			children = (
				BD0B93481E967A3900B04BFA /* Live.storyboard */,
			);
			path = Controller;
			sourceTree = "<group>";
		};
		BD0B93491E967A3900B04BFA /* Model */ = {
			isa = PBXGroup;
			children = (
			);
			path = Model;
			sourceTree = "<group>";
		};
		BD0B934A1E967A3900B04BFA /* View */ = {
			isa = PBXGroup;
			children = (
			);
			path = View;
			sourceTree = "<group>";
		};
		BD0B934B1E967A3900B04BFA /* Profile */ = {
			isa = PBXGroup;
			children = (
				BD0B934C1E967A3900B04BFA /* Controller */,
				BD0B934E1E967A3900B04BFA /* Model */,
				BD0B934F1E967A3900B04BFA /* View */,
			);
			path = Profile;
			sourceTree = "<group>";
		};
		BD0B934C1E967A3900B04BFA /* Controller */ = {
			isa = PBXGroup;
			children = (
				BD0B934D1E967A3900B04BFA /* Profile.storyboard */,
			);
			path = Controller;
			sourceTree = "<group>";
		};
		BD0B934E1E967A3900B04BFA /* Model */ = {
			isa = PBXGroup;
			children = (
			);
			path = Model;
			sourceTree = "<group>";
		};
		BD0B934F1E967A3900B04BFA /* View */ = {
			isa = PBXGroup;
			children = (
			);
			path = View;
			sourceTree = "<group>";
		};
		BD0B93531E967A5000B04BFA /* Home */ = {
			isa = PBXGroup;
			children = (
				BD0B93541E967A5000B04BFA /* Controller */,
				BD0B935A1E967A5100B04BFA /* Model */,
				BD0B935B1E967A5100B04BFA /* View */,
			);
			path = Home;
			sourceTree = "<group>";
		};
		BD0B93541E967A5000B04BFA /* Controller */ = {
			isa = PBXGroup;
			children = (
				BD0B93551E967A5000B04BFA /* Home.storyboard */,
				BD0B93561E967A5000B04BFA /* HomeViewController.h */,
				BD0B93571E967A5100B04BFA /* HomeViewController.m */,
				BD0B93581E967A5100B04BFA /* ReccommendViewController.h */,
				BD0B93591E967A5100B04BFA /* ReccommendViewController.m */,
			);
			path = Controller;
			sourceTree = "<group>";
		};
		BD0B935A1E967A5100B04BFA /* Model */ = {
			isa = PBXGroup;
			children = (
			);
			path = Model;
			sourceTree = "<group>";
		};
		BD0B935B1E967A5100B04BFA /* View */ = {
			isa = PBXGroup;
			children = (
				BD0B93611E967AB300B04BFA /* CollectionHeraderView.h */,
				BD0B93621E967AB300B04BFA /* CollectionHeraderView.m */,
				BD0B93631E967AB300B04BFA /* CollectionHeraderView.xib */,
			);
			path = View;
			sourceTree = "<group>";
		};
		BD4856DF1E94F30B00DA47AE /* Additions */ = {
			isa = PBXGroup;
			children = (
				BD4856E11E94F30B00DA47AE /* NSArray+NSLog.h */,
				BD4856E21E94F30B00DA47AE /* NSArray+NSLog.m */,
				BD4856E31E94F30B00DA47AE /* NSString+Hash.h */,
				BD4856E41E94F30B00DA47AE /* NSString+Hash.m */,
				BD4856E51E94F30B00DA47AE /* NSString+pwBase64.h */,
				BD4856E61E94F30B00DA47AE /* NSString+pwBase64.m */,
				BD4856E71E94F30B00DA47AE /* NSString+pwPath.h */,
				BD4856E81E94F30B00DA47AE /* NSString+pwPath.m */,
				BD4856E91E94F30B00DA47AE /* UIButton+pwAddition.h */,
				BD4856EA1E94F30B00DA47AE /* UIButton+pwAddition.m */,
				BD4856EB1E94F30B00DA47AE /* UIColor+pwAddition.h */,
				BD4856EC1E94F30B00DA47AE /* UIColor+pwAddition.m */,
				BD4856ED1E94F30B00DA47AE /* UIImage+pwAddition.h */,
				BD4856EE1E94F30B00DA47AE /* UIImage+pwAddition.m */,
				BD4856EF1E94F30B00DA47AE /* UIScreen+pwAddition.h */,
				BD4856F01E94F30B00DA47AE /* UIScreen+pwAddition.m */,
				BD4856F11E94F30B00DA47AE /* UIView+pwAddition.h */,
				BD4856F21E94F30B00DA47AE /* UIView+pwAddition.m */,
			);
			path = Additions;
			sourceTree = "<group>";
		};
/* End PBXGroup section */

/* Begin PBXNativeTarget section */
		BD09EF3A1E8365C0000AC6CC /* OC_Live */ = {
			isa = PBXNativeTarget;
			buildConfigurationList = BD09EF521E8365C0000AC6CC /* Build configuration list for PBXNativeTarget "OC_Live" */;
			buildPhases = (
				0FC8AB60B577D8AC41F99BD9 /* [CP] Check Pods Manifest.lock */,
				BD09EF371E8365C0000AC6CC /* Sources */,
				BD09EF381E8365C0000AC6CC /* Frameworks */,
				BD09EF391E8365C0000AC6CC /* Resources */,
				E217F77CF66963A85599460F /* [CP] Embed Pods Frameworks */,
				27AA470CBC28DD79D1C5618F /* [CP] Copy Pods Resources */,
			);
			buildRules = (
			);
			dependencies = (
			);
			name = OC_Live;
			productName = OC_Live;
			productReference = BD09EF3B1E8365C0000AC6CC /* OC_Live.app */;
			productType = "com.apple.product-type.application";
		};
/* End PBXNativeTarget section */

/* Begin PBXProject section */
		BD09EF331E8365C0000AC6CC /* Project object */ = {
			isa = PBXProject;
			attributes = {
				LastUpgradeCheck = 0820;
				ORGANIZATIONNAME = MartinLee;
				TargetAttributes = {
					BD09EF3A1E8365C0000AC6CC = {
						CreatedOnToolsVersion = 8.2.1;
						ProvisioningStyle = Automatic;
					};
				};
			};
			buildConfigurationList = BD09EF361E8365C0000AC6CC /* Build configuration list for PBXProject "OC_Live" */;
			compatibilityVersion = "Xcode 3.2";
			developmentRegion = English;
			hasScannedForEncodings = 0;
			knownRegions = (
				en,
				Base,
			);
			mainGroup = BD09EF321E8365C0000AC6CC;
			productRefGroup = BD09EF3C1E8365C0000AC6CC /* Products */;
			projectDirPath = "";
			projectRoot = "";
			targets = (
				BD09EF3A1E8365C0000AC6CC /* OC_Live */,
			);
		};
/* End PBXProject section */

/* Begin PBXResourcesBuildPhase section */
		BD09EF391E8365C0000AC6CC /* Resources */ = {
			isa = PBXResourcesBuildPhase;
			buildActionMask = 2147483647;
			files = (
				BD0B935C1E967A5100B04BFA /* Home.storyboard in Resources */,
				BD0B93501E967A3900B04BFA /* Follow.storyboard in Resources */,
				BD09EF4E1E8365C0000AC6CC /* LaunchScreen.storyboard in Resources */,
				BD0B93601E967A8A00B04BFA /* Main.storyboard in Resources */,
				BD0B93651E967AB300B04BFA /* CollectionHeraderView.xib in Resources */,
				BD0B93511E967A3900B04BFA /* Live.storyboard in Resources */,
				BD09EF4B1E8365C0000AC6CC /* Assets.xcassets in Resources */,
				BD0B93521E967A3900B04BFA /* Profile.storyboard in Resources */,
			);
			runOnlyForDeploymentPostprocessing = 0;
		};
/* End PBXResourcesBuildPhase section */

/* Begin PBXShellScriptBuildPhase section */
		0FC8AB60B577D8AC41F99BD9 /* [CP] Check Pods Manifest.lock */ = {
			isa = PBXShellScriptBuildPhase;
			buildActionMask = 2147483647;
			files = (
			);
			inputPaths = (
			);
			name = "[CP] Check Pods Manifest.lock";
			outputPaths = (
			);
			runOnlyForDeploymentPostprocessing = 0;
			shellPath = /bin/sh;
			shellScript = "diff \"${PODS_ROOT}/../Podfile.lock\" \"${PODS_ROOT}/Manifest.lock\" > /dev/null\nif [ $? != 0 ] ; then\n    # print error to STDERR\n    echo \"error: The sandbox is not in sync with the Podfile.lock. Run 'pod install' or update your CocoaPods installation.\" >&2\n    exit 1\nfi\n";
			showEnvVarsInLog = 0;
		};
		27AA470CBC28DD79D1C5618F /* [CP] Copy Pods Resources */ = {
			isa = PBXShellScriptBuildPhase;
			buildActionMask = 2147483647;
			files = (
			);
			inputPaths = (
			);
			name = "[CP] Copy Pods Resources";
			outputPaths = (
			);
			runOnlyForDeploymentPostprocessing = 0;
			shellPath = /bin/sh;
			shellScript = "\"${SRCROOT}/Pods/Target Support Files/Pods-OC_Live/Pods-OC_Live-resources.sh\"\n";
			showEnvVarsInLog = 0;
		};
		E217F77CF66963A85599460F /* [CP] Embed Pods Frameworks */ = {
			isa = PBXShellScriptBuildPhase;
			buildActionMask = 2147483647;
			files = (
			);
			inputPaths = (
			);
			name = "[CP] Embed Pods Frameworks";
			outputPaths = (
			);
			runOnlyForDeploymentPostprocessing = 0;
			shellPath = /bin/sh;
			shellScript = "\"${SRCROOT}/Pods/Target Support Files/Pods-OC_Live/Pods-OC_Live-frameworks.sh\"\n";
			showEnvVarsInLog = 0;
		};
/* End PBXShellScriptBuildPhase section */

/* Begin PBXSourcesBuildPhase section */
		BD09EF371E8365C0000AC6CC /* Sources */ = {
			isa = PBXSourcesBuildPhase;
			buildActionMask = 2147483647;
			files = (
				BD4856F91E94F30B00DA47AE /* UIImage+pwAddition.m in Sources */,
				BD4856F71E94F30B00DA47AE /* UIButton+pwAddition.m in Sources */,
				BD4856F61E94F30B00DA47AE /* NSString+pwPath.m in Sources */,
				BD4857071E96360E00DA47AE /* CollectionNormalViewCell.m in Sources */,
				BD4856FA1E94F30B00DA47AE /* UIScreen+pwAddition.m in Sources */,
				BD0B935E1E967A5100B04BFA /* ReccommendViewController.m in Sources */,
				BD4856F31E94F30B00DA47AE /* NSArray+NSLog.m in Sources */,
				BD0B93641E967AB300B04BFA /* CollectionHeraderView.m in Sources */,
				BD4856FB1E94F30B00DA47AE /* UIView+pwAddition.m in Sources */,
				BD8FD47A1E8E834700A43AD9 /* PageContentView.m in Sources */,
				BD0B935D1E967A5100B04BFA /* HomeViewController.m in Sources */,
				BD09EF431E8365C0000AC6CC /* AppDelegate.m in Sources */,
				BD09EF781E836C90000AC6CC /* MainViewController.m in Sources */,
				BD4856F41E94F30B00DA47AE /* NSString+Hash.m in Sources */,
				BD09EF401E8365C0000AC6CC /* main.m in Sources */,
				BD09EFA81E83A880000AC6CC /* UIBarButtonItem+MTCategory.m in Sources */,
				BD0B93691E96800200B04BFA /* CollectionPrettyViewCell.m in Sources */,
				BD4856F81E94F30B00DA47AE /* UIColor+pwAddition.m in Sources */,
				BD09EFA31E83A0BD000AC6CC /* PageTitleView.m in Sources */,
				BD4856F51E94F30B00DA47AE /* NSString+pwBase64.m in Sources */,
			);
			runOnlyForDeploymentPostprocessing = 0;
		};
/* End PBXSourcesBuildPhase section */

/* Begin PBXVariantGroup section */
		BD09EF4C1E8365C0000AC6CC /* LaunchScreen.storyboard */ = {
			isa = PBXVariantGroup;
			children = (
				BD09EF4D1E8365C0000AC6CC /* Base */,
			);
			name = LaunchScreen.storyboard;
			sourceTree = "<group>";
		};
/* End PBXVariantGroup section */

/* Begin XCBuildConfiguration section */
		BD09EF501E8365C0000AC6CC /* Debug */ = {
			isa = XCBuildConfiguration;
			buildSettings = {
				ALWAYS_SEARCH_USER_PATHS = NO;
				CLANG_ANALYZER_NONNULL = YES;
				CLANG_CXX_LANGUAGE_STANDARD = "gnu++0x";
				CLANG_CXX_LIBRARY = "libc++";
				CLANG_ENABLE_MODULES = YES;
				CLANG_ENABLE_OBJC_ARC = YES;
				CLANG_WARN_BOOL_CONVERSION = YES;
				CLANG_WARN_CONSTANT_CONVERSION = YES;
				CLANG_WARN_DIRECT_OBJC_ISA_USAGE = YES_ERROR;
				CLANG_WARN_DOCUMENTATION_COMMENTS = YES;
				CLANG_WARN_EMPTY_BODY = YES;
				CLANG_WARN_ENUM_CONVERSION = YES;
				CLANG_WARN_INFINITE_RECURSION = YES;
				CLANG_WARN_INT_CONVERSION = YES;
				CLANG_WARN_OBJC_ROOT_CLASS = YES_ERROR;
				CLANG_WARN_SUSPICIOUS_MOVE = YES;
				CLANG_WARN_UNREACHABLE_CODE = YES;
				CLANG_WARN__DUPLICATE_METHOD_MATCH = YES;
				"CODE_SIGN_IDENTITY[sdk=iphoneos*]" = "iPhone Developer";
				COPY_PHASE_STRIP = NO;
				DEBUG_INFORMATION_FORMAT = dwarf;
				ENABLE_STRICT_OBJC_MSGSEND = YES;
				ENABLE_TESTABILITY = YES;
				GCC_C_LANGUAGE_STANDARD = gnu99;
				GCC_DYNAMIC_NO_PIC = NO;
				GCC_NO_COMMON_BLOCKS = YES;
				GCC_OPTIMIZATION_LEVEL = 0;
				GCC_PREPROCESSOR_DEFINITIONS = (
					"DEBUG=1",
					"$(inherited)",
				);
				GCC_WARN_64_TO_32_BIT_CONVERSION = YES;
				GCC_WARN_ABOUT_RETURN_TYPE = YES_ERROR;
				GCC_WARN_UNDECLARED_SELECTOR = YES;
				GCC_WARN_UNINITIALIZED_AUTOS = YES_AGGRESSIVE;
				GCC_WARN_UNUSED_FUNCTION = YES;
				GCC_WARN_UNUSED_VARIABLE = YES;
				IPHONEOS_DEPLOYMENT_TARGET = 10.2;
				MTL_ENABLE_DEBUG_INFO = YES;
				ONLY_ACTIVE_ARCH = YES;
				SDKROOT = iphoneos;
				TARGETED_DEVICE_FAMILY = "1,2";
			};
			name = Debug;
		};
		BD09EF511E8365C0000AC6CC /* Release */ = {
			isa = XCBuildConfiguration;
			buildSettings = {
				ALWAYS_SEARCH_USER_PATHS = NO;
				CLANG_ANALYZER_NONNULL = YES;
				CLANG_CXX_LANGUAGE_STANDARD = "gnu++0x";
				CLANG_CXX_LIBRARY = "libc++";
				CLANG_ENABLE_MODULES = YES;
				CLANG_ENABLE_OBJC_ARC = YES;
				CLANG_WARN_BOOL_CONVERSION = YES;
				CLANG_WARN_CONSTANT_CONVERSION = YES;
				CLANG_WARN_DIRECT_OBJC_ISA_USAGE = YES_ERROR;
				CLANG_WARN_DOCUMENTATION_COMMENTS = YES;
				CLANG_WARN_EMPTY_BODY = YES;
				CLANG_WARN_ENUM_CONVERSION = YES;
				CLANG_WARN_INFINITE_RECURSION = YES;
				CLANG_WARN_INT_CONVERSION = YES;
				CLANG_WARN_OBJC_ROOT_CLASS = YES_ERROR;
				CLANG_WARN_SUSPICIOUS_MOVE = YES;
				CLANG_WARN_UNREACHABLE_CODE = YES;
				CLANG_WARN__DUPLICATE_METHOD_MATCH = YES;
				"CODE_SIGN_IDENTITY[sdk=iphoneos*]" = "iPhone Developer";
				COPY_PHASE_STRIP = NO;
				DEBUG_INFORMATION_FORMAT = "dwarf-with-dsym";
				ENABLE_NS_ASSERTIONS = NO;
				ENABLE_STRICT_OBJC_MSGSEND = YES;
				GCC_C_LANGUAGE_STANDARD = gnu99;
				GCC_NO_COMMON_BLOCKS = YES;
				GCC_WARN_64_TO_32_BIT_CONVERSION = YES;
				GCC_WARN_ABOUT_RETURN_TYPE = YES_ERROR;
				GCC_WARN_UNDECLARED_SELECTOR = YES;
				GCC_WARN_UNINITIALIZED_AUTOS = YES_AGGRESSIVE;
				GCC_WARN_UNUSED_FUNCTION = YES;
				GCC_WARN_UNUSED_VARIABLE = YES;
				IPHONEOS_DEPLOYMENT_TARGET = 10.2;
				MTL_ENABLE_DEBUG_INFO = NO;
				SDKROOT = iphoneos;
				TARGETED_DEVICE_FAMILY = "1,2";
				VALIDATE_PRODUCT = YES;
			};
			name = Release;
		};
		BD09EF531E8365C0000AC6CC /* Debug */ = {
			isa = XCBuildConfiguration;
			baseConfigurationReference = D5A0903E9073D1651AD1FD98 /* Pods-OC_Live.debug.xcconfig */;
			buildSettings = {
				ASSETCATALOG_COMPILER_APPICON_NAME = AppIcon;
				ASSETCATALOG_COMPILER_LAUNCHIMAGE_NAME = LaunchImage;
				GCC_INCREASE_PRECOMPILED_HEADER_SHARING = NO;
				GCC_PRECOMPILE_PREFIX_HEADER = YES;
				GCC_PREFIX_HEADER = "$(SRCROOT)/PrefixHeader.pch";
				INFOPLIST_FILE = OC_Live/Info.plist;
				LD_RUNPATH_SEARCH_PATHS = "$(inherited) @executable_path/Frameworks";
				PRODUCT_BUNDLE_IDENTIFIER = "com.puwell.OC-Live";
				PRODUCT_NAME = "$(TARGET_NAME)";
				TARGETED_DEVICE_FAMILY = 1;
			};
			name = Debug;
		};
		BD09EF541E8365C0000AC6CC /* Release */ = {
			isa = XCBuildConfiguration;
			baseConfigurationReference = C1FF2B76ED4CA9439541A43A /* Pods-OC_Live.release.xcconfig */;
			buildSettings = {
				ASSETCATALOG_COMPILER_APPICON_NAME = AppIcon;
				ASSETCATALOG_COMPILER_LAUNCHIMAGE_NAME = LaunchImage;
				GCC_INCREASE_PRECOMPILED_HEADER_SHARING = NO;
				GCC_PRECOMPILE_PREFIX_HEADER = YES;
				GCC_PREFIX_HEADER = "$(SRCROOT)/PrefixHeader.pch";
				INFOPLIST_FILE = OC_Live/Info.plist;
				LD_RUNPATH_SEARCH_PATHS = "$(inherited) @executable_path/Frameworks";
				PRODUCT_BUNDLE_IDENTIFIER = "com.puwell.OC-Live";
				PRODUCT_NAME = "$(TARGET_NAME)";
				TARGETED_DEVICE_FAMILY = 1;
			};
			name = Release;
		};
/* End XCBuildConfiguration section */

/* Begin XCConfigurationList section */
		BD09EF361E8365C0000AC6CC /* Build configuration list for PBXProject "OC_Live" */ = {
			isa = XCConfigurationList;
			buildConfigurations = (
				BD09EF501E8365C0000AC6CC /* Debug */,
				BD09EF511E8365C0000AC6CC /* Release */,
			);
			defaultConfigurationIsVisible = 0;
			defaultConfigurationName = Release;
		};
		BD09EF521E8365C0000AC6CC /* Build configuration list for PBXNativeTarget "OC_Live" */ = {
			isa = XCConfigurationList;
			buildConfigurations = (
				BD09EF531E8365C0000AC6CC /* Debug */,
				BD09EF541E8365C0000AC6CC /* Release */,
			);
			defaultConfigurationIsVisible = 0;
			defaultConfigurationName = Release;
		};
/* End XCConfigurationList section */
	};
	rootObject = BD09EF331E8365C0000AC6CC /* Project object */;
}
